
Microsoft Visual Studio Solution File, Format Version 12.00
# Visual Studio Version 16
VisualStudioVersion = 16.0.31025.194
MinimumVisualStudioVersion = 10.0.40219.1
Project("{FAE04EC0-301F-11D3-BF4B-00C04F79EFBC}") = "QuickHull", "QuickHull.csproj", "{AAA81A2D-9497-40AF-87DB-6098F9AC5053}"
EndProject
Global
	GlobalSection(SolutionConfigurationPlatforms) = preSolution
		Debug|Any CPU = Debug|Any CPU
		Release|Any CPU = Release|Any CPU
	EndGlobalSection
	GlobalSection(ProjectConfigurationPlatforms) = postSolution
		{AAA81A2D-9497-40AF-87DB-6098F9AC5053}.Debug|Any CPU.ActiveCfg = Debug|Any CPU
		{AAA81A2D-9497-40AF-87DB-6098F9AC5053}.Debug|Any CPU.Build.0 = Debug|Any CPU
		{AAA81A2D-9497-40AF-87DB-6098F9AC5053}.Release|Any CPU.ActiveCfg = Release|Any CPU
		{AAA81A2D-9497-40AF-87DB-6098F9AC5053}.Release|Any CPU.Build.0 = Release|Any CPU
	EndGlobalSection
	GlobalSection(SolutionProperties) = preSolution
		HideSolutionNode = FALSE
	EndGlobalSection
	GlobalSection(ExtensibilityGlobals) = postSolution
		SolutionGuid = {9BDB9892-8AD0-4500-8EFC-EBD76A7E5F19}
	EndGlobalSection
EndGlobal
